schema: '2.0'
stages:
  preprocess:
    cmd: python src/data_preprocessing.py
    deps:
    - path: data/raw
      hash: md5
      md5: 2e92afb04cc1088e96c965b66ea57b1b.dir
      size: 93081
      nfiles: 3
    outs:
    - path: data/processed
      hash: md5
      md5: 3318a224f31ca9f5fc9fd9550bb5acf9.dir
      size: 54172
      nfiles: 8
  train:
    cmd: python src/model_training.py
    deps:
    - path: data/processed
      hash: md5
      md5: 3318a224f31ca9f5fc9fd9550bb5acf9.dir
      size: 54172
      nfiles: 8
    outs:
    - path: models/best_rf_model
      hash: md5
      md5: eab5b00038aa75dcb430416daa5b0304.dir
      size: 30961
      nfiles: 68
    - path: reports/figures/confusion_matrix.png
      hash: md5
      md5: 813c9146342728a59bbe93565bdec8f0
      size: 16180
