schema: '2.0'
stages:
  preprocess:
    cmd: python src/data_preprocessing.py
    deps:
    - path: data/raw
      hash: md5
      md5: 2e92afb04cc1088e96c965b66ea57b1b.dir
      size: 93081
      nfiles: 3
    outs:
    - path: data/processed
      hash: md5
      md5: 7250cbf218c2da2f0b4ab80270c0f6fc.dir
      size: 54172
      nfiles: 8
  train:
    cmd: python src/model_training.py
    deps:
    - path: data/processed
      hash: md5
      md5: 7250cbf218c2da2f0b4ab80270c0f6fc.dir
      size: 54172
      nfiles: 8
    outs:
    - path: models/best_rf_model
      hash: md5
      md5: 11127153292cd6701f0e0c073de3fbef.dir
      size: 39770
      nfiles: 68
    - path: reports/figures/confusion_matrix.png
      hash: md5
      md5: 841f0cb65d1e78239c0c9d9bf8c7ab30
      size: 16083
    - path: reports/figures/feature_importance.png
      hash: md5
      md5: 191ee534c2cef828817d39309680a533
      size: 24377
